
Microsoft Visual Studio Solution File, Format Version 12.00
# Visual Studio 15
VisualStudioVersion = 15.0.28307.902
MinimumVisualStudioVersion = 10.0.40219.1
Project("{9A19103F-16F7-4668-BE54-9A1E7A4F7556}") = "udemy-console-csharp-basic", "udemy-console-csharp-basic\udemy-console-csharp-basic.csproj", "{C78DA344-B5AE-4E01-A68B-B2010AB84D2B}"
EndProject
Project("{2150E333-8FDC-42A3-9474-1A3956D46DE8}") = "Intermidle", "Intermidle", "{F33D1F90-97EB-4128-91A8-85AF80CDE398}"
EndProject
Project("{9A19103F-16F7-4668-BE54-9A1E7A4F7556}") = "udemy-console-csharp-intermidle-Heran-Polim-Exerci", "udemy-console-csharp-intermidle-Heran-Polim-Exerci\udemy-console-csharp-intermidle-Heran-Polim-Exerci.csproj", "{7234FA58-086C-4EED-9BF6-3CBE647C936F}"
EndProject
Project("{9A19103F-16F7-4668-BE54-9A1E7A4F7556}") = "udemy-console-csharp-intermidle-Abstrato", "udemy-console-csharp-intermidle-Abstrato\udemy-console-csharp-intermidle-Abstrato.csproj", "{30B7B9B0-8200-4879-8060-2A5F1F334EAC}"
EndProject
Project("{FAE04EC0-301F-11D3-BF4B-00C04F79EFBC}") = "udemy-console-csharp-intermidle-exception", "udemy-console-csharp-intermidle-exception\udemy-console-csharp-intermidle-exception.csproj", "{5BC0F483-C6E3-4125-935B-EA92B8C6CA0D}"
EndProject
Project("{FAE04EC0-301F-11D3-BF4B-00C04F79EFBC}") = "udemy-console-csharp-intermidle-xadrez", "udemy-console-csharp-intermidle-xadrez\udemy-console-csharp-intermidle-xadrez.csproj", "{2D050688-75A3-4C11-9520-767B91022E39}"
EndProject
Project("{FAE04EC0-301F-11D3-BF4B-00C04F79EFBC}") = "udemy-console-csharp-intermidle-file", "udemy-console-csharp-intermidle-file\udemy-console-csharp-intermidle-file.csproj", "{B7FD2FD1-2D6C-4EC8-BD9A-4CE7A4F10838}"
EndProject
Project("{FAE04EC0-301F-11D3-BF4B-00C04F79EFBC}") = "udemy-console-csharp-intermidle-file2", "udemy-console-csharp-intermidle-file2\udemy-console-csharp-intermidle-file2.csproj", "{7DFD91ED-CB2B-4276-8757-8335E1AC00F4}"
EndProject
Project("{FAE04EC0-301F-11D3-BF4B-00C04F79EFBC}") = "udemy-console-csharp-intermidle-file3", "udemy-console-csharp-intermidle-file3\udemy-console-csharp-intermidle-file3.csproj", "{90E4A29A-BA46-476C-A595-5BECDF7E77C9}"
EndProject
Project("{FAE04EC0-301F-11D3-BF4B-00C04F79EFBC}") = "udemy-console-csharp-intermidle-file4", "udemy-console-csharp-intermidle-file4\udemy-console-csharp-intermidle-file4.csproj", "{0F0569E5-255D-4C64-89EF-AF559B74B82E}"
EndProject
Global
	GlobalSection(SolutionConfigurationPlatforms) = preSolution
		Debug|Any CPU = Debug|Any CPU
		Release|Any CPU = Release|Any CPU
	EndGlobalSection
	GlobalSection(ProjectConfigurationPlatforms) = postSolution
		{C78DA344-B5AE-4E01-A68B-B2010AB84D2B}.Debug|Any CPU.ActiveCfg = Debug|Any CPU
		{C78DA344-B5AE-4E01-A68B-B2010AB84D2B}.Debug|Any CPU.Build.0 = Debug|Any CPU
		{C78DA344-B5AE-4E01-A68B-B2010AB84D2B}.Release|Any CPU.ActiveCfg = Release|Any CPU
		{C78DA344-B5AE-4E01-A68B-B2010AB84D2B}.Release|Any CPU.Build.0 = Release|Any CPU
		{7234FA58-086C-4EED-9BF6-3CBE647C936F}.Debug|Any CPU.ActiveCfg = Debug|Any CPU
		{7234FA58-086C-4EED-9BF6-3CBE647C936F}.Debug|Any CPU.Build.0 = Debug|Any CPU
		{7234FA58-086C-4EED-9BF6-3CBE647C936F}.Release|Any CPU.ActiveCfg = Release|Any CPU
		{7234FA58-086C-4EED-9BF6-3CBE647C936F}.Release|Any CPU.Build.0 = Release|Any CPU
		{30B7B9B0-8200-4879-8060-2A5F1F334EAC}.Debug|Any CPU.ActiveCfg = Debug|Any CPU
		{30B7B9B0-8200-4879-8060-2A5F1F334EAC}.Debug|Any CPU.Build.0 = Debug|Any CPU
		{30B7B9B0-8200-4879-8060-2A5F1F334EAC}.Release|Any CPU.ActiveCfg = Release|Any CPU
		{30B7B9B0-8200-4879-8060-2A5F1F334EAC}.Release|Any CPU.Build.0 = Release|Any CPU
		{5BC0F483-C6E3-4125-935B-EA92B8C6CA0D}.Debug|Any CPU.ActiveCfg = Debug|Any CPU
		{5BC0F483-C6E3-4125-935B-EA92B8C6CA0D}.Debug|Any CPU.Build.0 = Debug|Any CPU
		{5BC0F483-C6E3-4125-935B-EA92B8C6CA0D}.Release|Any CPU.ActiveCfg = Release|Any CPU
		{5BC0F483-C6E3-4125-935B-EA92B8C6CA0D}.Release|Any CPU.Build.0 = Release|Any CPU
		{2D050688-75A3-4C11-9520-767B91022E39}.Debug|Any CPU.ActiveCfg = Debug|Any CPU
		{2D050688-75A3-4C11-9520-767B91022E39}.Debug|Any CPU.Build.0 = Debug|Any CPU
		{2D050688-75A3-4C11-9520-767B91022E39}.Release|Any CPU.ActiveCfg = Release|Any CPU
		{2D050688-75A3-4C11-9520-767B91022E39}.Release|Any CPU.Build.0 = Release|Any CPU
		{B7FD2FD1-2D6C-4EC8-BD9A-4CE7A4F10838}.Debug|Any CPU.ActiveCfg = Debug|Any CPU
		{B7FD2FD1-2D6C-4EC8-BD9A-4CE7A4F10838}.Debug|Any CPU.Build.0 = Debug|Any CPU
		{B7FD2FD1-2D6C-4EC8-BD9A-4CE7A4F10838}.Release|Any CPU.ActiveCfg = Release|Any CPU
		{B7FD2FD1-2D6C-4EC8-BD9A-4CE7A4F10838}.Release|Any CPU.Build.0 = Release|Any CPU
		{7DFD91ED-CB2B-4276-8757-8335E1AC00F4}.Debug|Any CPU.ActiveCfg = Debug|Any CPU
		{7DFD91ED-CB2B-4276-8757-8335E1AC00F4}.Debug|Any CPU.Build.0 = Debug|Any CPU
		{7DFD91ED-CB2B-4276-8757-8335E1AC00F4}.Release|Any CPU.ActiveCfg = Release|Any CPU
		{7DFD91ED-CB2B-4276-8757-8335E1AC00F4}.Release|Any CPU.Build.0 = Release|Any CPU
		{90E4A29A-BA46-476C-A595-5BECDF7E77C9}.Debug|Any CPU.ActiveCfg = Debug|Any CPU
		{90E4A29A-BA46-476C-A595-5BECDF7E77C9}.Debug|Any CPU.Build.0 = Debug|Any CPU
		{90E4A29A-BA46-476C-A595-5BECDF7E77C9}.Release|Any CPU.ActiveCfg = Release|Any CPU
		{90E4A29A-BA46-476C-A595-5BECDF7E77C9}.Release|Any CPU.Build.0 = Release|Any CPU
		{0F0569E5-255D-4C64-89EF-AF559B74B82E}.Debug|Any CPU.ActiveCfg = Debug|Any CPU
		{0F0569E5-255D-4C64-89EF-AF559B74B82E}.Debug|Any CPU.Build.0 = Debug|Any CPU
		{0F0569E5-255D-4C64-89EF-AF559B74B82E}.Release|Any CPU.ActiveCfg = Release|Any CPU
		{0F0569E5-255D-4C64-89EF-AF559B74B82E}.Release|Any CPU.Build.0 = Release|Any CPU
	EndGlobalSection
	GlobalSection(SolutionProperties) = preSolution
		HideSolutionNode = FALSE
	EndGlobalSection
	GlobalSection(NestedProjects) = preSolution
		{7234FA58-086C-4EED-9BF6-3CBE647C936F} = {F33D1F90-97EB-4128-91A8-85AF80CDE398}
		{30B7B9B0-8200-4879-8060-2A5F1F334EAC} = {F33D1F90-97EB-4128-91A8-85AF80CDE398}
	EndGlobalSection
	GlobalSection(ExtensibilityGlobals) = postSolution
		SolutionGuid = {BC0F67DA-1C23-4851-86CC-99BF73BE5963}
	EndGlobalSection
EndGlobal
